{
  "nodes": {
    "disko": {
      "inputs": {
        "nixpkgs": "nixpkgs"
      },
      "locked": {
        "lastModified": 1745812220,
        "narHash": "sha256-hotBG0EJ9VmAHJYF0yhWuTVZpENHvwcJ2SxvIPrXm+g=",
        "owner": "nix-community",
        "repo": "disko",
        "rev": "d0c543d740fad42fe2c035b43c9d41127e073c78",
        "type": "github"
      },
      "original": {
        "owner": "nix-community",
        "repo": "disko",
        "type": "github"
      }
    },
    "nixpkgs": {
      "locked": {
        "lastModified": 1744868846,
        "narHash": "sha256-5RJTdUHDmj12Qsv7XOhuospjAjATNiTMElplWnJE9Hs=",
        "owner": "NixOS",
        "repo": "nixpkgs",
        "rev": "ebe4301cbd8f81c4f8d3244b3632338bbeb6d49c",
        "type": "github"
      },
      "original": {
        "owner": "NixOS",
        "ref": "nixpkgs-unstable",
        "repo": "nixpkgs",
        "type": "github"
      }
    },
    "nixpkgs_2": {
      "locked": {
        "lastModified": 1745742390,
        "narHash": "sha256-1rqa/XPSJqJg21BKWjzJZC7yU0l/YTVtjRi0RJmipus=",
        "owner": "NixOS",
        "repo": "nixpkgs",
        "rev": "26245db0cb552047418cfcef9a25da91b222d6c7",
        "type": "github"
      },
      "original": {
        "owner": "NixOS",
        "ref": "nixos-24.11",
        "repo": "nixpkgs",
        "type": "github"
      }
    },
    "root": {
      "inputs": {
        "disko": "disko",
        "nixpkgs": "nixpkgs_2"
      }
    }
  },
  "root": "root",
  "version": 7
}
